{
  "name": "cgps-cgmlst-clustering",
  "version": "1.0.2",
  "lockfileVersion": 1,
  "requires": true,
  "dependencies": {
    "bson": {
      "version": "2.0.5",
      "resolved": "https://registry.npmjs.org/bson/-/bson-2.0.5.tgz",
      "integrity": "sha512-4gGFIV/DJXPUY5ZhpE7CjG5Z+N73gEnNalLvJ99nqXLPj+RlVQ+wz1FVDUj/F7TDrJe/zXx6GFDLUkYeK5SDGg==",
      "dev": true
    }
  }
}
